lockfileVersion: '6.0'

settings:
  autoInstallPeers: true
  excludeLinksFromLockfile: false

dependencies:
  sola.js:
    specifier: ^1.0.0
    version: 1.0.0

packages:

  /sola.js@1.0.0:
    resolution: {integrity: sha512-ntV9yWEwcuzmYXXMKlMry4Mqco27ySqncfG7T9OQxc8ZlUxML8vG/e8zQAFPHIOGNOAY2onx226mzhZMAcwQTg==}
    dev: false
